// !$*UTF8*$!
{
	archiveVersion = 1;
	classes = {
	};
	objectVersion = 46;
	objects = {

/* Begin PBXBuildFile section */
		E2D448821D082486009C0333 /* AppDelegate.swift in Sources */ = {isa = PBXBuildFile; fileRef = E2D448811D082486009C0333 /* AppDelegate.swift */; };
		E2D448841D082486009C0333 /* ViewController.swift in Sources */ = {isa = PBXBuildFile; fileRef = E2D448831D082486009C0333 /* ViewController.swift */; };
		E2D448871D082486009C0333 /* Main.storyboard in Resources */ = {isa = PBXBuildFile; fileRef = E2D448851D082486009C0333 /* Main.storyboard */; };
		E2D448891D082486009C0333 /* Assets.xcassets in Resources */ = {isa = PBXBuildFile; fileRef = E2D448881D082486009C0333 /* Assets.xcassets */; };
		E2D4488C1D082486009C0333 /* LaunchScreen.storyboard in Resources */ = {isa = PBXBuildFile; fileRef = E2D4488A1D082486009C0333 /* LaunchScreen.storyboard */; };
		E2D4489A1D082848009C0333 /* NotificationCenter.framework in Frameworks */ = {isa = PBXBuildFile; fileRef = E2D448991D082848009C0333 /* NotificationCenter.framework */; };
		E2D4489D1D082848009C0333 /* TodayViewController.swift in Sources */ = {isa = PBXBuildFile; fileRef = E2D4489C1D082848009C0333 /* TodayViewController.swift */; };
		E2D448A01D082848009C0333 /* MainInterface.storyboard in Resources */ = {isa = PBXBuildFile; fileRef = E2D4489E1D082848009C0333 /* MainInterface.storyboard */; };
		E2D448A41D082848009C0333 /* sucharu.appex in Embed App Extensions */ = {isa = PBXBuildFile; fileRef = E2D448971D082848009C0333 /* sucharu.appex */; settings = {ATTRIBUTES = (RemoveHeadersOnCopy, ); }; };
/* End PBXBuildFile section */

/* Begin PBXContainerItemProxy section */
		E2D448A21D082848009C0333 /* PBXContainerItemProxy */ = {
			isa = PBXContainerItemProxy;
			containerPortal = E2D448761D082486009C0333 /* Project object */;
			proxyType = 1;
			remoteGlobalIDString = E2D448961D082848009C0333;
			remoteInfo = sucharu;
		};
/* End PBXContainerItemProxy section */

/* Begin PBXCopyFilesBuildPhase section */
		E2D448A81D082848009C0333 /* Embed App Extensions */ = {
			isa = PBXCopyFilesBuildPhase;
			buildActionMask = 2147483647;
			dstPath = "";
			dstSubfolderSpec = 13;
			files = (
				E2D448A41D082848009C0333 /* sucharu.appex in Embed App Extensions */,
			);
			name = "Embed App Extensions";
			runOnlyForDeploymentPostprocessing = 0;
		};
/* End PBXCopyFilesBuildPhase section */

/* Begin PBXFileReference section */
		E2D4487E1D082486009C0333 /* TodayExtension.app */ = {isa = PBXFileReference; explicitFileType = wrapper.application; includeInIndex = 0; path = TodayExtension.app; sourceTree = BUILT_PRODUCTS_DIR; };
		E2D448811D082486009C0333 /* AppDelegate.swift */ = {isa = PBXFileReference; lastKnownFileType = sourcecode.swift; path = AppDelegate.swift; sourceTree = "<group>"; };
		E2D448831D082486009C0333 /* ViewController.swift */ = {isa = PBXFileReference; lastKnownFileType = sourcecode.swift; path = ViewController.swift; sourceTree = "<group>"; };
		E2D448861D082486009C0333 /* Base */ = {isa = PBXFileReference; lastKnownFileType = file.storyboard; name = Base; path = Base.lproj/Main.storyboard; sourceTree = "<group>"; };
		E2D448881D082486009C0333 /* Assets.xcassets */ = {isa = PBXFileReference; lastKnownFileType = folder.assetcatalog; path = Assets.xcassets; sourceTree = "<group>"; };
		E2D4488B1D082486009C0333 /* Base */ = {isa = PBXFileReference; lastKnownFileType = file.storyboard; name = Base; path = Base.lproj/LaunchScreen.storyboard; sourceTree = "<group>"; };
		E2D4488D1D082487009C0333 /* Info.plist */ = {isa = PBXFileReference; lastKnownFileType = text.plist.xml; path = Info.plist; sourceTree = "<group>"; };
		E2D448971D082848009C0333 /* sucharu.appex */ = {isa = PBXFileReference; explicitFileType = "wrapper.app-extension"; includeInIndex = 0; path = sucharu.appex; sourceTree = BUILT_PRODUCTS_DIR; };
		E2D448991D082848009C0333 /* NotificationCenter.framework */ = {isa = PBXFileReference; lastKnownFileType = wrapper.framework; name = NotificationCenter.framework; path = System/Library/Frameworks/NotificationCenter.framework; sourceTree = SDKROOT; };
		E2D4489C1D082848009C0333 /* TodayViewController.swift */ = {isa = PBXFileReference; lastKnownFileType = sourcecode.swift; path = TodayViewController.swift; sourceTree = "<group>"; };
		E2D4489F1D082848009C0333 /* Base */ = {isa = PBXFileReference; lastKnownFileType = file.storyboard; name = Base; path = Base.lproj/MainInterface.storyboard; sourceTree = "<group>"; };
		E2D448A11D082848009C0333 /* Info.plist */ = {isa = PBXFileReference; lastKnownFileType = text.plist.xml; path = Info.plist; sourceTree = "<group>"; };
/* End PBXFileReference section */

/* Begin PBXFrameworksBuildPhase section */
		E2D4487B1D082486009C0333 /* Frameworks */ = {
			isa = PBXFrameworksBuildPhase;
			buildActionMask = 2147483647;
			files = (
			);
			runOnlyForDeploymentPostprocessing = 0;
		};
		E2D448941D082848009C0333 /* Frameworks */ = {
			isa = PBXFrameworksBuildPhase;
			buildActionMask = 2147483647;
			files = (
				E2D4489A1D082848009C0333 /* NotificationCenter.framework in Frameworks */,
			);
			runOnlyForDeploymentPostprocessing = 0;
		};
/* End PBXFrameworksBuildPhase section */

/* Begin PBXGroup section */
		E2D448751D082486009C0333 = {
			isa = PBXGroup;
			children = (
				E2D448801D082486009C0333 /* TodayExtension */,
				E2D4489B1D082848009C0333 /* sucharu */,
				E2D448981D082848009C0333 /* Frameworks */,
				E2D4487F1D082486009C0333 /* Products */,
			);
			sourceTree = "<group>";
		};
		E2D4487F1D082486009C0333 /* Products */ = {
			isa = PBXGroup;
			children = (
				E2D4487E1D082486009C0333 /* TodayExtension.app */,
				E2D448971D082848009C0333 /* sucharu.appex */,
			);
			name = Products;
			sourceTree = "<group>";
		};
		E2D448801D082486009C0333 /* TodayExtension */ = {
			isa = PBXGroup;
			children = (
				E2D448811D082486009C0333 /* AppDelegate.swift */,
				E2D448831D082486009C0333 /* ViewController.swift */,
				E2D448851D082486009C0333 /* Main.storyboard */,
				E2D448881D082486009C0333 /* Assets.xcassets */,
				E2D4488A1D082486009C0333 /* LaunchScreen.storyboard */,
				E2D4488D1D082487009C0333 /* Info.plist */,
			);
			path = TodayExtension;
			sourceTree = "<group>";
		};
		E2D448981D082848009C0333 /* Frameworks */ = {
			isa = PBXGroup;
			children = (
				E2D448991D082848009C0333 /* NotificationCenter.framework */,
			);
			name = Frameworks;
			sourceTree = "<group>";
		};
		E2D4489B1D082848009C0333 /* sucharu */ = {
			isa = PBXGroup;
			children = (
				E2D4489C1D082848009C0333 /* TodayViewController.swift */,
				E2D4489E1D082848009C0333 /* MainInterface.storyboard */,
				E2D448A11D082848009C0333 /* Info.plist */,
			);
			path = sucharu;
			sourceTree = "<group>";
		};
/* End PBXGroup section */

/* Begin PBXNativeTarget section */
		E2D4487D1D082486009C0333 /* TodayExtension */ = {
			isa = PBXNativeTarget;
			buildConfigurationList = E2D448901D082487009C0333 /* Build configuration list for PBXNativeTarget "TodayExtension" */;
			buildPhases = (
				E2D4487A1D082486009C0333 /* Sources */,
				E2D4487B1D082486009C0333 /* Frameworks */,
				E2D4487C1D082486009C0333 /* Resources */,
				E2D448A81D082848009C0333 /* Embed App Extensions */,
			);
			buildRules = (
			);
			dependencies = (
				E2D448A31D082848009C0333 /* PBXTargetDependency */,
			);
			name = TodayExtension;
			productName = TodayExtension;
			productReference = E2D4487E1D082486009C0333 /* TodayExtension.app */;
			productType = "com.apple.product-type.application";
		};
		E2D448961D082848009C0333 /* sucharu */ = {
			isa = PBXNativeTarget;
			buildConfigurationList = E2D448A71D082848009C0333 /* Build configuration list for PBXNativeTarget "sucharu" */;
			buildPhases = (
				E2D448931D082848009C0333 /* Sources */,
				E2D448941D082848009C0333 /* Frameworks */,
				E2D448951D082848009C0333 /* Resources */,
			);
			buildRules = (
			);
			dependencies = (
			);
			name = sucharu;
			productName = sucharu;
			productReference = E2D448971D082848009C0333 /* sucharu.appex */;
			productType = "com.apple.product-type.app-extension";
		};
/* End PBXNativeTarget section */

/* Begin PBXProject section */
		E2D448761D082486009C0333 /* Project object */ = {
			isa = PBXProject;
			attributes = {
				LastSwiftUpdateCheck = 0730;
				LastUpgradeCheck = 0730;
				ORGANIZATIONNAME = "Sucharu Hasija";
				TargetAttributes = {
					E2D4487D1D082486009C0333 = {
						CreatedOnToolsVersion = 7.3.1;
					};
					E2D448961D082848009C0333 = {
						CreatedOnToolsVersion = 7.3.1;
					};
				};
			};
			buildConfigurationList = E2D448791D082486009C0333 /* Build configuration list for PBXProject "TodayExtension" */;
			compatibilityVersion = "Xcode 3.2";
			developmentRegion = English;
			hasScannedForEncodings = 0;
			knownRegions = (
				en,
				Base,
			);
			mainGroup = E2D448751D082486009C0333;
			productRefGroup = E2D4487F1D082486009C0333 /* Products */;
			projectDirPath = "";
			projectRoot = "";
			targets = (
				E2D4487D1D082486009C0333 /* TodayExtension */,
				E2D448961D082848009C0333 /* sucharu */,
			);
		};
/* End PBXProject section */

/* Begin PBXResourcesBuildPhase section */
		E2D4487C1D082486009C0333 /* Resources */ = {
			isa = PBXResourcesBuildPhase;
			buildActionMask = 2147483647;
			files = (
				E2D4488C1D082486009C0333 /* LaunchScreen.storyboard in Resources */,
				E2D448891D082486009C0333 /* Assets.xcassets in Resources */,
				E2D448871D082486009C0333 /* Main.storyboard in Resources */,
			);
			runOnlyForDeploymentPostprocessing = 0;
		};
		E2D448951D082848009C0333 /* Resources */ = {
			isa = PBXResourcesBuildPhase;
			buildActionMask = 2147483647;
			files = (
				E2D448A01D082848009C0333 /* MainInterface.storyboard in Resources */,
			);
			runOnlyForDeploymentPostprocessing = 0;
		};
/* End PBXResourcesBuildPhase section */

/* Begin PBXSourcesBuildPhase section */
		E2D4487A1D082486009C0333 /* Sources */ = {
			isa = PBXSourcesBuildPhase;
			buildActionMask = 2147483647;
			files = (
				E2D448841D082486009C0333 /* ViewController.swift in Sources */,
				E2D448821D082486009C0333 /* AppDelegate.swift in Sources */,
			);
			runOnlyForDeploymentPostprocessing = 0;
		};
		E2D448931D082848009C0333 /* Sources */ = {
			isa = PBXSourcesBuildPhase;
			buildActionMask = 2147483647;
			files = (
				E2D4489D1D082848009C0333 /* TodayViewController.swift in Sources */,
			);
			runOnlyForDeploymentPostprocessing = 0;
		};
/* End PBXSourcesBuildPhase section */

/* Begin PBXTargetDependency section */
		E2D448A31D082848009C0333 /* PBXTargetDependency */ = {
			isa = PBXTargetDependency;
			target = E2D448961D082848009C0333 /* sucharu */;
			targetProxy = E2D448A21D082848009C0333 /* PBXContainerItemProxy */;
		};
/* End PBXTargetDependency section */

/* Begin PBXVariantGroup section */
		E2D448851D082486009C0333 /* Main.storyboard */ = {
			isa = PBXVariantGroup;
			children = (
				E2D448861D082486009C0333 /* Base */,
			);
			name = Main.storyboard;
			sourceTree = "<group>";
		};
		E2D4488A1D082486009C0333 /* LaunchScreen.storyboard */ = {
			isa = PBXVariantGroup;
			children = (
				E2D4488B1D082486009C0333 /* Base */,
			);
			name = LaunchScreen.storyboard;
			sourceTree = "<group>";
		};
		E2D4489E1D082848009C0333 /* MainInterface.storyboard */ = {
			isa = PBXVariantGroup;
			children = (
				E2D4489F1D082848009C0333 /* Base */,
			);
			name = MainInterface.storyboard;
			sourceTree = "<group>";
		};
/* End PBXVariantGroup section */

/* Begin XCBuildConfiguration section */
		E2D4488E1D082487009C0333 /* Debug */ = {
			isa = XCBuildConfiguration;
			buildSettings = {
				ALWAYS_SEARCH_USER_PATHS = NO;
				CLANG_ANALYZER_NONNULL = YES;
				CLANG_CXX_LANGUAGE_STANDARD = "gnu++0x";
				CLANG_CXX_LIBRARY = "libc++";
				CLANG_ENABLE_MODULES = YES;
				CLANG_ENABLE_OBJC_ARC = YES;
				CLANG_WARN_BOOL_CONVERSION = YES;
				CLANG_WARN_CONSTANT_CONVERSION = YES;
				CLANG_WARN_DIRECT_OBJC_ISA_USAGE = YES_ERROR;
				CLANG_WARN_EMPTY_BODY = YES;
				CLANG_WARN_ENUM_CONVERSION = YES;
				CLANG_WARN_INT_CONVERSION = YES;
				CLANG_WARN_OBJC_ROOT_CLASS = YES_ERROR;
				CLANG_WARN_UNREACHABLE_CODE = YES;
				CLANG_WARN__DUPLICATE_METHOD_MATCH = YES;
				"CODE_SIGN_IDENTITY[sdk=iphoneos*]" = "iPhone Developer";
				COPY_PHASE_STRIP = NO;
				DEBUG_INFORMATION_FORMAT = dwarf;
				ENABLE_STRICT_OBJC_MSGSEND = YES;
				ENABLE_TESTABILITY = YES;
				GCC_C_LANGUAGE_STANDARD = gnu99;
				GCC_DYNAMIC_NO_PIC = NO;
				GCC_NO_COMMON_BLOCKS = YES;
				GCC_OPTIMIZATION_LEVEL = 0;
				GCC_PREPROCESSOR_DEFINITIONS = (
					"DEBUG=1",
					"$(inherited)",
				);
				GCC_WARN_64_TO_32_BIT_CONVERSION = YES;
				GCC_WARN_ABOUT_RETURN_TYPE = YES_ERROR;
				GCC_WARN_UNDECLARED_SELECTOR = YES;
				GCC_WARN_UNINITIALIZED_AUTOS = YES_AGGRESSIVE;
				GCC_WARN_UNUSED_FUNCTION = YES;
				GCC_WARN_UNUSED_VARIABLE = YES;
				IPHONEOS_DEPLOYMENT_TARGET = 9.3;
				MTL_ENABLE_DEBUG_INFO = YES;
				ONLY_ACTIVE_ARCH = YES;
				SDKROOT = iphoneos;
				SWIFT_OPTIMIZATION_LEVEL = "-Onone";
				TARGETED_DEVICE_FAMILY = "1,2";
			};
			name = Debug;
		};
		E2D4488F1D082487009C0333 /* Release */ = {
			isa = XCBuildConfiguration;
			buildSettings = {
				ALWAYS_SEARCH_USER_PATHS = NO;
				CLANG_ANALYZER_NONNULL = YES;
				CLANG_CXX_LANGUAGE_STANDARD = "gnu++0x";
				CLANG_CXX_LIBRARY = "libc++";
				CLANG_ENABLE_MODULES = YES;
				CLANG_ENABLE_OBJC_ARC = YES;
				CLANG_WARN_BOOL_CONVERSION = YES;
				CLANG_WARN_CONSTANT_CONVERSION = YES;
				CLANG_WARN_DIRECT_OBJC_ISA_USAGE = YES_ERROR;
				CLANG_WARN_EMPTY_BODY = YES;
				CLANG_WARN_ENUM_CONVERSION = YES;
				CLANG_WARN_INT_CONVERSION = YES;
				CLANG_WARN_OBJC_ROOT_CLASS = YES_ERROR;
				CLANG_WARN_UNREACHABLE_CODE = YES;
				CLANG_WARN__DUPLICATE_METHOD_MATCH = YES;
				"CODE_SIGN_IDENTITY[sdk=iphoneos*]" = "iPhone Developer";
				COPY_PHASE_STRIP = NO;
				DEBUG_INFORMATION_FORMAT = "dwarf-with-dsym";
				ENABLE_NS_ASSERTIONS = NO;
				ENABLE_STRICT_OBJC_MSGSEND = YES;
				GCC_C_LANGUAGE_STANDARD = gnu99;
				GCC_NO_COMMON_BLOCKS = YES;
				GCC_WARN_64_TO_32_BIT_CONVERSION = YES;
				GCC_WARN_ABOUT_RETURN_TYPE = YES_ERROR;
				GCC_WARN_UNDECLARED_SELECTOR = YES;
				GCC_WARN_UNINITIALIZED_AUTOS = YES_AGGRESSIVE;
				GCC_WARN_UNUSED_FUNCTION = YES;
				GCC_WARN_UNUSED_VARIABLE = YES;
				IPHONEOS_DEPLOYMENT_TARGET = 9.3;
				MTL_ENABLE_DEBUG_INFO = NO;
				SDKROOT = iphoneos;
				TARGETED_DEVICE_FAMILY = "1,2";
				VALIDATE_PRODUCT = YES;
			};
			name = Release;
		};
		E2D448911D082487009C0333 /* Debug */ = {
			isa = XCBuildConfiguration;
			buildSettings = {
				ASSETCATALOG_COMPILER_APPICON_NAME = AppIcon;
				EMBEDDED_CONTENT_CONTAINS_SWIFT = YES;
				INFOPLIST_FILE = TodayExtension/Info.plist;
				LD_RUNPATH_SEARCH_PATHS = "$(inherited) @executable_path/Frameworks";
				PRODUCT_BUNDLE_IDENTIFIER = orioneSolutions.TodayExtension;
				PRODUCT_NAME = "$(TARGET_NAME)";
			};
			name = Debug;
		};
		E2D448921D082487009C0333 /* Release */ = {
			isa = XCBuildConfiguration;
			buildSettings = {
				ASSETCATALOG_COMPILER_APPICON_NAME = AppIcon;
				EMBEDDED_CONTENT_CONTAINS_SWIFT = YES;
				INFOPLIST_FILE = TodayExtension/Info.plist;
				LD_RUNPATH_SEARCH_PATHS = "$(inherited) @executable_path/Frameworks";
				PRODUCT_BUNDLE_IDENTIFIER = orioneSolutions.TodayExtension;
				PRODUCT_NAME = "$(TARGET_NAME)";
			};
			name = Release;
		};
		E2D448A51D082848009C0333 /* Debug */ = {
			isa = XCBuildConfiguration;
			buildSettings = {
				INFOPLIST_FILE = sucharu/Info.plist;
				LD_RUNPATH_SEARCH_PATHS = "$(inherited) @executable_path/Frameworks @executable_path/../../Frameworks";
				PRODUCT_BUNDLE_IDENTIFIER = orioneSolutions.TodayExtension.sucharu;
				PRODUCT_NAME = "$(TARGET_NAME)";
				SKIP_INSTALL = YES;
			};
			name = Debug;
		};
		E2D448A61D082848009C0333 /* Release */ = {
			isa = XCBuildConfiguration;
			buildSettings = {
				INFOPLIST_FILE = sucharu/Info.plist;
				LD_RUNPATH_SEARCH_PATHS = "$(inherited) @executable_path/Frameworks @executable_path/../../Frameworks";
				PRODUCT_BUNDLE_IDENTIFIER = orioneSolutions.TodayExtension.sucharu;
				PRODUCT_NAME = "$(TARGET_NAME)";
				SKIP_INSTALL = YES;
			};
			name = Release;
		};
/* End XCBuildConfiguration section */

/* Begin XCConfigurationList section */
		E2D448791D082486009C0333 /* Build configuration list for PBXProject "TodayExtension" */ = {
			isa = XCConfigurationList;
			buildConfigurations = (
				E2D4488E1D082487009C0333 /* Debug */,
				E2D4488F1D082487009C0333 /* Release */,
			);
			defaultConfigurationIsVisible = 0;
			defaultConfigurationName = Release;
		};
		E2D448901D082487009C0333 /* Build configuration list for PBXNativeTarget "TodayExtension" */ = {
			isa = XCConfigurationList;
			buildConfigurations = (
				E2D448911D082487009C0333 /* Debug */,
				E2D448921D082487009C0333 /* Release */,
			);
			defaultConfigurationIsVisible = 0;
			defaultConfigurationName = Release;
		};
		E2D448A71D082848009C0333 /* Build configuration list for PBXNativeTarget "sucharu" */ = {
			isa = XCConfigurationList;
			buildConfigurations = (
				E2D448A51D082848009C0333 /* Debug */,
				E2D448A61D082848009C0333 /* Release */,
			);
			defaultConfigurationIsVisible = 0;
		};
/* End XCConfigurationList section */
	};
	rootObject = E2D448761D082486009C0333 /* Project object */;
}
